PODS:
  - SnapKit (5.0.1)
  - "※ikemen (0.6.0)"

DEPENDENCIES:
  - SnapKit
  - "※ikemen"

SPEC REPOS:
  trunk:
    - SnapKit
    - "※ikemen"

SPEC CHECKSUMS:
  SnapKit: 97b92857e3df3a0c71833cce143274bf6ef8e5eb
  "※ikemen": da47fe6e0acfbe241611221f4d98ade266bf50a2

PODFILE CHECKSUM: feec4c3ca15c91c208fc5fc3d72d609d7e4c0880

COCOAPODS: 1.9.3
